// !$*UTF8*$!
{
	archiveVersion = 1;
	classes = {
	};
	objectVersion = 50;
	objects = {

/* Begin PBXBuildFile section */
		903B8BAC21F74C5A00EAB837 /* VideoTableViewCell.m in Sources */ = {isa = PBXBuildFile; fileRef = 903B8BAB21F74C5A00EAB837 /* VideoTableViewCell.m */; };
		90D2F50D21F6BDB4000594FA /* AppDelegate.m in Sources */ = {isa = PBXBuildFile; fileRef = 90D2F50C21F6BDB4000594FA /* AppDelegate.m */; };
		90D2F51021F6BDB4000594FA /* ViewController.m in Sources */ = {isa = PBXBuildFile; fileRef = 90D2F50F21F6BDB4000594FA /* ViewController.m */; };
		90D2F51321F6BDB4000594FA /* Main.storyboard in Resources */ = {isa = PBXBuildFile; fileRef = 90D2F51121F6BDB4000594FA /* Main.storyboard */; };
		90D2F51521F6BDB5000594FA /* Assets.xcassets in Resources */ = {isa = PBXBuildFile; fileRef = 90D2F51421F6BDB5000594FA /* Assets.xcassets */; };
		90D2F51821F6BDB5000594FA /* LaunchScreen.storyboard in Resources */ = {isa = PBXBuildFile; fileRef = 90D2F51621F6BDB5000594FA /* LaunchScreen.storyboard */; };
		90D2F51B21F6BDB5000594FA /* main.m in Sources */ = {isa = PBXBuildFile; fileRef = 90D2F51A21F6BDB5000594FA /* main.m */; };
		90D2F52421F6BEE4000594FA /* XJPlayerFullScreenViewController.m in Sources */ = {isa = PBXBuildFile; fileRef = 90D2F52321F6BEE4000594FA /* XJPlayerFullScreenViewController.m */; };
		90D2F52721F6D4EA000594FA /* XJPlayerTransitioningDelegate.m in Sources */ = {isa = PBXBuildFile; fileRef = 90D2F52621F6D4EA000594FA /* XJPlayerTransitioningDelegate.m */; };
		90D2F52A21F6D842000594FA /* XJPlayerAnimatedTransitioning.m in Sources */ = {isa = PBXBuildFile; fileRef = 90D2F52921F6D842000594FA /* XJPlayerAnimatedTransitioning.m */; };
		90D2F52D21F99432000594FA /* PlayerContainerViewController.m in Sources */ = {isa = PBXBuildFile; fileRef = 90D2F52C21F99432000594FA /* PlayerContainerViewController.m */; };
		90D2F53021F99E1E000594FA /* PlayerViewController.m in Sources */ = {isa = PBXBuildFile; fileRef = 90D2F52F21F99E1E000594FA /* PlayerViewController.m */; };
/* End PBXBuildFile section */

/* Begin PBXFileReference section */
		903B8BAA21F74C5A00EAB837 /* VideoTableViewCell.h */ = {isa = PBXFileReference; lastKnownFileType = sourcecode.c.h; path = VideoTableViewCell.h; sourceTree = "<group>"; };
		903B8BAB21F74C5A00EAB837 /* VideoTableViewCell.m */ = {isa = PBXFileReference; lastKnownFileType = sourcecode.c.objc; path = VideoTableViewCell.m; sourceTree = "<group>"; };
		90D2F50821F6BDB4000594FA /* XJPlayerTransition.app */ = {isa = PBXFileReference; explicitFileType = wrapper.application; includeInIndex = 0; path = XJPlayerTransition.app; sourceTree = BUILT_PRODUCTS_DIR; };
		90D2F50B21F6BDB4000594FA /* AppDelegate.h */ = {isa = PBXFileReference; lastKnownFileType = sourcecode.c.h; path = AppDelegate.h; sourceTree = "<group>"; };
		90D2F50C21F6BDB4000594FA /* AppDelegate.m */ = {isa = PBXFileReference; lastKnownFileType = sourcecode.c.objc; path = AppDelegate.m; sourceTree = "<group>"; };
		90D2F50E21F6BDB4000594FA /* ViewController.h */ = {isa = PBXFileReference; lastKnownFileType = sourcecode.c.h; path = ViewController.h; sourceTree = "<group>"; };
		90D2F50F21F6BDB4000594FA /* ViewController.m */ = {isa = PBXFileReference; lastKnownFileType = sourcecode.c.objc; path = ViewController.m; sourceTree = "<group>"; };
		90D2F51221F6BDB4000594FA /* Base */ = {isa = PBXFileReference; lastKnownFileType = file.storyboard; name = Base; path = Base.lproj/Main.storyboard; sourceTree = "<group>"; };
		90D2F51421F6BDB5000594FA /* Assets.xcassets */ = {isa = PBXFileReference; lastKnownFileType = folder.assetcatalog; path = Assets.xcassets; sourceTree = "<group>"; };
		90D2F51721F6BDB5000594FA /* Base */ = {isa = PBXFileReference; lastKnownFileType = file.storyboard; name = Base; path = Base.lproj/LaunchScreen.storyboard; sourceTree = "<group>"; };
		90D2F51921F6BDB5000594FA /* Info.plist */ = {isa = PBXFileReference; lastKnownFileType = text.plist.xml; path = Info.plist; sourceTree = "<group>"; };
		90D2F51A21F6BDB5000594FA /* main.m */ = {isa = PBXFileReference; lastKnownFileType = sourcecode.c.objc; path = main.m; sourceTree = "<group>"; };
		90D2F52221F6BEE4000594FA /* XJPlayerFullScreenViewController.h */ = {isa = PBXFileReference; lastKnownFileType = sourcecode.c.h; path = XJPlayerFullScreenViewController.h; sourceTree = "<group>"; };
		90D2F52321F6BEE4000594FA /* XJPlayerFullScreenViewController.m */ = {isa = PBXFileReference; lastKnownFileType = sourcecode.c.objc; path = XJPlayerFullScreenViewController.m; sourceTree = "<group>"; };
		90D2F52521F6D4EA000594FA /* XJPlayerTransitioningDelegate.h */ = {isa = PBXFileReference; lastKnownFileType = sourcecode.c.h; path = XJPlayerTransitioningDelegate.h; sourceTree = "<group>"; };
		90D2F52621F6D4EA000594FA /* XJPlayerTransitioningDelegate.m */ = {isa = PBXFileReference; lastKnownFileType = sourcecode.c.objc; path = XJPlayerTransitioningDelegate.m; sourceTree = "<group>"; };
		90D2F52821F6D842000594FA /* XJPlayerAnimatedTransitioning.h */ = {isa = PBXFileReference; lastKnownFileType = sourcecode.c.h; path = XJPlayerAnimatedTransitioning.h; sourceTree = "<group>"; };
		90D2F52921F6D842000594FA /* XJPlayerAnimatedTransitioning.m */ = {isa = PBXFileReference; lastKnownFileType = sourcecode.c.objc; path = XJPlayerAnimatedTransitioning.m; sourceTree = "<group>"; };
		90D2F52B21F99432000594FA /* PlayerContainerViewController.h */ = {isa = PBXFileReference; lastKnownFileType = sourcecode.c.h; path = PlayerContainerViewController.h; sourceTree = "<group>"; };
		90D2F52C21F99432000594FA /* PlayerContainerViewController.m */ = {isa = PBXFileReference; lastKnownFileType = sourcecode.c.objc; path = PlayerContainerViewController.m; sourceTree = "<group>"; };
		90D2F52E21F99E1E000594FA /* PlayerViewController.h */ = {isa = PBXFileReference; lastKnownFileType = sourcecode.c.h; path = PlayerViewController.h; sourceTree = "<group>"; };
		90D2F52F21F99E1E000594FA /* PlayerViewController.m */ = {isa = PBXFileReference; lastKnownFileType = sourcecode.c.objc; path = PlayerViewController.m; sourceTree = "<group>"; };
/* End PBXFileReference section */

/* Begin PBXFrameworksBuildPhase section */
		90D2F50521F6BDB4000594FA /* Frameworks */ = {
			isa = PBXFrameworksBuildPhase;
			buildActionMask = 2147483647;
			files = (
			);
			runOnlyForDeploymentPostprocessing = 0;
		};
/* End PBXFrameworksBuildPhase section */

/* Begin PBXGroup section */
		90D2F4FF21F6BDB4000594FA = {
			isa = PBXGroup;
			children = (
				90D2F50A21F6BDB4000594FA /* XJPlayerTransition */,
				90D2F50921F6BDB4000594FA /* Products */,
			);
			sourceTree = "<group>";
		};
		90D2F50921F6BDB4000594FA /* Products */ = {
			isa = PBXGroup;
			children = (
				90D2F50821F6BDB4000594FA /* XJPlayerTransition.app */,
			);
			name = Products;
			sourceTree = "<group>";
		};
		90D2F50A21F6BDB4000594FA /* XJPlayerTransition */ = {
			isa = PBXGroup;
			children = (
				90D2F52121F6BDBA000594FA /* XJPlayerTransition */,
				90D2F50B21F6BDB4000594FA /* AppDelegate.h */,
				90D2F50C21F6BDB4000594FA /* AppDelegate.m */,
				90D2F50E21F6BDB4000594FA /* ViewController.h */,
				90D2F50F21F6BDB4000594FA /* ViewController.m */,
				90D2F51121F6BDB4000594FA /* Main.storyboard */,
				90D2F51421F6BDB5000594FA /* Assets.xcassets */,
				90D2F51621F6BDB5000594FA /* LaunchScreen.storyboard */,
				90D2F51921F6BDB5000594FA /* Info.plist */,
				90D2F51A21F6BDB5000594FA /* main.m */,
				903B8BAA21F74C5A00EAB837 /* VideoTableViewCell.h */,
				903B8BAB21F74C5A00EAB837 /* VideoTableViewCell.m */,
				90D2F52B21F99432000594FA /* PlayerContainerViewController.h */,
				90D2F52C21F99432000594FA /* PlayerContainerViewController.m */,
				90D2F52E21F99E1E000594FA /* PlayerViewController.h */,
				90D2F52F21F99E1E000594FA /* PlayerViewController.m */,
			);
			path = XJPlayerTransition;
			sourceTree = "<group>";
		};
		90D2F52121F6BDBA000594FA /* XJPlayerTransition */ = {
			isa = PBXGroup;
			children = (
				90D2F52221F6BEE4000594FA /* XJPlayerFullScreenViewController.h */,
				90D2F52321F6BEE4000594FA /* XJPlayerFullScreenViewController.m */,
				90D2F52521F6D4EA000594FA /* XJPlayerTransitioningDelegate.h */,
				90D2F52621F6D4EA000594FA /* XJPlayerTransitioningDelegate.m */,
				90D2F52821F6D842000594FA /* XJPlayerAnimatedTransitioning.h */,
				90D2F52921F6D842000594FA /* XJPlayerAnimatedTransitioning.m */,
			);
			path = XJPlayerTransition;
			sourceTree = "<group>";
		};
/* End PBXGroup section */

/* Begin PBXNativeTarget section */
		90D2F50721F6BDB4000594FA /* XJPlayerTransition */ = {
			isa = PBXNativeTarget;
			buildConfigurationList = 90D2F51E21F6BDB5000594FA /* Build configuration list for PBXNativeTarget "XJPlayerTransition" */;
			buildPhases = (
				90D2F50421F6BDB4000594FA /* Sources */,
				90D2F50521F6BDB4000594FA /* Frameworks */,
				90D2F50621F6BDB4000594FA /* Resources */,
			);
			buildRules = (
			);
			dependencies = (
			);
			name = XJPlayerTransition;
			productName = XJPlayerTransition;
			productReference = 90D2F50821F6BDB4000594FA /* XJPlayerTransition.app */;
			productType = "com.apple.product-type.application";
		};
/* End PBXNativeTarget section */

/* Begin PBXProject section */
		90D2F50021F6BDB4000594FA /* Project object */ = {
			isa = PBXProject;
			attributes = {
				LastUpgradeCheck = 1000;
				ORGANIZATIONNAME = XJIMI;
				TargetAttributes = {
					90D2F50721F6BDB4000594FA = {
						CreatedOnToolsVersion = 10.0;
					};
				};
			};
			buildConfigurationList = 90D2F50321F6BDB4000594FA /* Build configuration list for PBXProject "XJPlayerTransition" */;
			compatibilityVersion = "Xcode 9.3";
			developmentRegion = en;
			hasScannedForEncodings = 0;
			knownRegions = (
				en,
				Base,
			);
			mainGroup = 90D2F4FF21F6BDB4000594FA;
			productRefGroup = 90D2F50921F6BDB4000594FA /* Products */;
			projectDirPath = "";
			projectRoot = "";
			targets = (
				90D2F50721F6BDB4000594FA /* XJPlayerTransition */,
			);
		};
/* End PBXProject section */

/* Begin PBXResourcesBuildPhase section */
		90D2F50621F6BDB4000594FA /* Resources */ = {
			isa = PBXResourcesBuildPhase;
			buildActionMask = 2147483647;
			files = (
				90D2F51821F6BDB5000594FA /* LaunchScreen.storyboard in Resources */,
				90D2F51521F6BDB5000594FA /* Assets.xcassets in Resources */,
				90D2F51321F6BDB4000594FA /* Main.storyboard in Resources */,
			);
			runOnlyForDeploymentPostprocessing = 0;
		};
/* End PBXResourcesBuildPhase section */

/* Begin PBXSourcesBuildPhase section */
		90D2F50421F6BDB4000594FA /* Sources */ = {
			isa = PBXSourcesBuildPhase;
			buildActionMask = 2147483647;
			files = (
				903B8BAC21F74C5A00EAB837 /* VideoTableViewCell.m in Sources */,
				90D2F52D21F99432000594FA /* PlayerContainerViewController.m in Sources */,
				90D2F51021F6BDB4000594FA /* ViewController.m in Sources */,
				90D2F52721F6D4EA000594FA /* XJPlayerTransitioningDelegate.m in Sources */,
				90D2F51B21F6BDB5000594FA /* main.m in Sources */,
				90D2F52A21F6D842000594FA /* XJPlayerAnimatedTransitioning.m in Sources */,
				90D2F52421F6BEE4000594FA /* XJPlayerFullScreenViewController.m in Sources */,
				90D2F50D21F6BDB4000594FA /* AppDelegate.m in Sources */,
				90D2F53021F99E1E000594FA /* PlayerViewController.m in Sources */,
			);
			runOnlyForDeploymentPostprocessing = 0;
		};
/* End PBXSourcesBuildPhase section */

/* Begin PBXVariantGroup section */
		90D2F51121F6BDB4000594FA /* Main.storyboard */ = {
			isa = PBXVariantGroup;
			children = (
				90D2F51221F6BDB4000594FA /* Base */,
			);
			name = Main.storyboard;
			sourceTree = "<group>";
		};
		90D2F51621F6BDB5000594FA /* LaunchScreen.storyboard */ = {
			isa = PBXVariantGroup;
			children = (
				90D2F51721F6BDB5000594FA /* Base */,
			);
			name = LaunchScreen.storyboard;
			sourceTree = "<group>";
		};
/* End PBXVariantGroup section */

/* Begin XCBuildConfiguration section */
		90D2F51C21F6BDB5000594FA /* Debug */ = {
			isa = XCBuildConfiguration;
			buildSettings = {
				ALWAYS_SEARCH_USER_PATHS = NO;
				CLANG_ANALYZER_NONNULL = YES;
				CLANG_ANALYZER_NUMBER_OBJECT_CONVERSION = YES_AGGRESSIVE;
				CLANG_CXX_LANGUAGE_STANDARD = "gnu++14";
				CLANG_CXX_LIBRARY = "libc++";
				CLANG_ENABLE_MODULES = YES;
				CLANG_ENABLE_OBJC_ARC = YES;
				CLANG_ENABLE_OBJC_WEAK = YES;
				CLANG_WARN_BLOCK_CAPTURE_AUTORELEASING = YES;
				CLANG_WARN_BOOL_CONVERSION = YES;
				CLANG_WARN_COMMA = YES;
				CLANG_WARN_CONSTANT_CONVERSION = YES;
				CLANG_WARN_DEPRECATED_OBJC_IMPLEMENTATIONS = YES;
				CLANG_WARN_DIRECT_OBJC_ISA_USAGE = YES_ERROR;
				CLANG_WARN_DOCUMENTATION_COMMENTS = YES;
				CLANG_WARN_EMPTY_BODY = YES;
				CLANG_WARN_ENUM_CONVERSION = YES;
				CLANG_WARN_INFINITE_RECURSION = YES;
				CLANG_WARN_INT_CONVERSION = YES;
				CLANG_WARN_NON_LITERAL_NULL_CONVERSION = YES;
				CLANG_WARN_OBJC_IMPLICIT_RETAIN_SELF = YES;
				CLANG_WARN_OBJC_LITERAL_CONVERSION = YES;
				CLANG_WARN_OBJC_ROOT_CLASS = YES_ERROR;
				CLANG_WARN_RANGE_LOOP_ANALYSIS = YES;
				CLANG_WARN_STRICT_PROTOTYPES = YES;
				CLANG_WARN_SUSPICIOUS_MOVE = YES;
				CLANG_WARN_UNGUARDED_AVAILABILITY = YES_AGGRESSIVE;
				CLANG_WARN_UNREACHABLE_CODE = YES;
				CLANG_WARN__DUPLICATE_METHOD_MATCH = YES;
				CODE_SIGN_IDENTITY = "iPhone Developer";
				COPY_PHASE_STRIP = NO;
				DEBUG_INFORMATION_FORMAT = dwarf;
				ENABLE_STRICT_OBJC_MSGSEND = YES;
				ENABLE_TESTABILITY = YES;
				GCC_C_LANGUAGE_STANDARD = gnu11;
				GCC_DYNAMIC_NO_PIC = NO;
				GCC_NO_COMMON_BLOCKS = YES;
				GCC_OPTIMIZATION_LEVEL = 0;
				GCC_PREPROCESSOR_DEFINITIONS = (
					"DEBUG=1",
					"$(inherited)",
				);
				GCC_WARN_64_TO_32_BIT_CONVERSION = YES;
				GCC_WARN_ABOUT_RETURN_TYPE = YES_ERROR;
				GCC_WARN_UNDECLARED_SELECTOR = YES;
				GCC_WARN_UNINITIALIZED_AUTOS = YES_AGGRESSIVE;
				GCC_WARN_UNUSED_FUNCTION = YES;
				GCC_WARN_UNUSED_VARIABLE = YES;
				IPHONEOS_DEPLOYMENT_TARGET = 12.0;
				MTL_ENABLE_DEBUG_INFO = INCLUDE_SOURCE;
				MTL_FAST_MATH = YES;
				ONLY_ACTIVE_ARCH = YES;
				SDKROOT = iphoneos;
			};
			name = Debug;
		};
		90D2F51D21F6BDB5000594FA /* Release */ = {
			isa = XCBuildConfiguration;
			buildSettings = {
				ALWAYS_SEARCH_USER_PATHS = NO;
				CLANG_ANALYZER_NONNULL = YES;
				CLANG_ANALYZER_NUMBER_OBJECT_CONVERSION = YES_AGGRESSIVE;
				CLANG_CXX_LANGUAGE_STANDARD = "gnu++14";
				CLANG_CXX_LIBRARY = "libc++";
				CLANG_ENABLE_MODULES = YES;
				CLANG_ENABLE_OBJC_ARC = YES;
				CLANG_ENABLE_OBJC_WEAK = YES;
				CLANG_WARN_BLOCK_CAPTURE_AUTORELEASING = YES;
				CLANG_WARN_BOOL_CONVERSION = YES;
				CLANG_WARN_COMMA = YES;
				CLANG_WARN_CONSTANT_CONVERSION = YES;
				CLANG_WARN_DEPRECATED_OBJC_IMPLEMENTATIONS = YES;
				CLANG_WARN_DIRECT_OBJC_ISA_USAGE = YES_ERROR;
				CLANG_WARN_DOCUMENTATION_COMMENTS = YES;
				CLANG_WARN_EMPTY_BODY = YES;
				CLANG_WARN_ENUM_CONVERSION = YES;
				CLANG_WARN_INFINITE_RECURSION = YES;
				CLANG_WARN_INT_CONVERSION = YES;
				CLANG_WARN_NON_LITERAL_NULL_CONVERSION = YES;
				CLANG_WARN_OBJC_IMPLICIT_RETAIN_SELF = YES;
				CLANG_WARN_OBJC_LITERAL_CONVERSION = YES;
				CLANG_WARN_OBJC_ROOT_CLASS = YES_ERROR;
				CLANG_WARN_RANGE_LOOP_ANALYSIS = YES;
				CLANG_WARN_STRICT_PROTOTYPES = YES;
				CLANG_WARN_SUSPICIOUS_MOVE = YES;
				CLANG_WARN_UNGUARDED_AVAILABILITY = YES_AGGRESSIVE;
				CLANG_WARN_UNREACHABLE_CODE = YES;
				CLANG_WARN__DUPLICATE_METHOD_MATCH = YES;
				CODE_SIGN_IDENTITY = "iPhone Developer";
				COPY_PHASE_STRIP = NO;
				DEBUG_INFORMATION_FORMAT = "dwarf-with-dsym";
				ENABLE_NS_ASSERTIONS = NO;
				ENABLE_STRICT_OBJC_MSGSEND = YES;
				GCC_C_LANGUAGE_STANDARD = gnu11;
				GCC_NO_COMMON_BLOCKS = YES;
				GCC_WARN_64_TO_32_BIT_CONVERSION = YES;
				GCC_WARN_ABOUT_RETURN_TYPE = YES_ERROR;
				GCC_WARN_UNDECLARED_SELECTOR = YES;
				GCC_WARN_UNINITIALIZED_AUTOS = YES_AGGRESSIVE;
				GCC_WARN_UNUSED_FUNCTION = YES;
				GCC_WARN_UNUSED_VARIABLE = YES;
				IPHONEOS_DEPLOYMENT_TARGET = 12.0;
				MTL_ENABLE_DEBUG_INFO = NO;
				MTL_FAST_MATH = YES;
				SDKROOT = iphoneos;
				VALIDATE_PRODUCT = YES;
			};
			name = Release;
		};
		90D2F51F21F6BDB5000594FA /* Debug */ = {
			isa = XCBuildConfiguration;
			buildSettings = {
				ASSETCATALOG_COMPILER_APPICON_NAME = AppIcon;
				CODE_SIGN_STYLE = Automatic;
				DEVELOPMENT_TEAM = 4X5X5XJA6V;
				INFOPLIST_FILE = XJPlayerTransition/Info.plist;
				IPHONEOS_DEPLOYMENT_TARGET = 10.0;
				LD_RUNPATH_SEARCH_PATHS = (
					"$(inherited)",
					"@executable_path/Frameworks",
				);
				PRODUCT_BUNDLE_IDENTIFIER = com.xjimi.XJPlayerTransition;
				PRODUCT_NAME = "$(TARGET_NAME)";
				TARGETED_DEVICE_FAMILY = "1,2";
			};
			name = Debug;
		};
		90D2F52021F6BDB5000594FA /* Release */ = {
			isa = XCBuildConfiguration;
			buildSettings = {
				ASSETCATALOG_COMPILER_APPICON_NAME = AppIcon;
				CODE_SIGN_STYLE = Automatic;
				DEVELOPMENT_TEAM = 4X5X5XJA6V;
				INFOPLIST_FILE = XJPlayerTransition/Info.plist;
				IPHONEOS_DEPLOYMENT_TARGET = 10.0;
				LD_RUNPATH_SEARCH_PATHS = (
					"$(inherited)",
					"@executable_path/Frameworks",
				);
				PRODUCT_BUNDLE_IDENTIFIER = com.xjimi.XJPlayerTransition;
				PRODUCT_NAME = "$(TARGET_NAME)";
				TARGETED_DEVICE_FAMILY = "1,2";
			};
			name = Release;
		};
/* End XCBuildConfiguration section */

/* Begin XCConfigurationList section */
		90D2F50321F6BDB4000594FA /* Build configuration list for PBXProject "XJPlayerTransition" */ = {
			isa = XCConfigurationList;
			buildConfigurations = (
				90D2F51C21F6BDB5000594FA /* Debug */,
				90D2F51D21F6BDB5000594FA /* Release */,
			);
			defaultConfigurationIsVisible = 0;
			defaultConfigurationName = Release;
		};
		90D2F51E21F6BDB5000594FA /* Build configuration list for PBXNativeTarget "XJPlayerTransition" */ = {
			isa = XCConfigurationList;
			buildConfigurations = (
				90D2F51F21F6BDB5000594FA /* Debug */,
				90D2F52021F6BDB5000594FA /* Release */,
			);
			defaultConfigurationIsVisible = 0;
			defaultConfigurationName = Release;
		};
/* End XCConfigurationList section */
	};
	rootObject = 90D2F50021F6BDB4000594FA /* Project object */;
}
